
Microsoft Visual Studio Solution File, Format Version 12.00
# Visual Studio Version 17
VisualStudioVersion = 17.0.31903.59
MinimumVisualStudioVersion = 10.0.40219.1
Project("{2150E333-8FDC-42A3-9474-1A3956D46DE8}") = "src", "src", "{AF9615CC-04F2-4FDB-89A1-6F6E4C336E83}"
EndProject
Project("{FAE04EC0-301F-11D3-BF4B-00C04F79EFBC}") = "Hollowdeep.Core", "src\core\Hollowdeep.Core.csproj", "{4C2418DD-474D-4A09-92BD-C62162C55DA4}"
EndProject
Project("{2150E333-8FDC-42A3-9474-1A3956D46DE8}") = "tests", "tests", "{8308491F-1410-4785-A991-64D115A150F4}"
EndProject
Project("{FAE04EC0-301F-11D3-BF4B-00C04F79EFBC}") = "Hollowdeep.Core.Tests", "tests\Hollowdeep.Core.Tests\Hollowdeep.Core.Tests.csproj", "{FBD77B80-7D7D-4AE1-986B-098B3BF1397E}"
EndProject
Project("{FAE04EC0-301F-11D3-BF4B-00C04F79EFBC}") = "Hollowdeep", "Hollowdeep.csproj", "{8A697B64-C7BB-4D0C-86FE-B7AD72AAD4F9}"
EndProject
Global
	GlobalSection(SolutionConfigurationPlatforms) = preSolution
		Debug|Any CPU = Debug|Any CPU
		Release|Any CPU = Release|Any CPU
	EndGlobalSection
	GlobalSection(SolutionProperties) = preSolution
		HideSolutionNode = FALSE
	EndGlobalSection
	GlobalSection(ProjectConfigurationPlatforms) = postSolution
		{4C2418DD-474D-4A09-92BD-C62162C55DA4}.Debug|Any CPU.ActiveCfg = Debug|Any CPU
		{4C2418DD-474D-4A09-92BD-C62162C55DA4}.Debug|Any CPU.Build.0 = Debug|Any CPU
		{4C2418DD-474D-4A09-92BD-C62162C55DA4}.Release|Any CPU.ActiveCfg = Release|Any CPU
		{4C2418DD-474D-4A09-92BD-C62162C55DA4}.Release|Any CPU.Build.0 = Release|Any CPU
		{FBD77B80-7D7D-4AE1-986B-098B3BF1397E}.Debug|Any CPU.ActiveCfg = Debug|Any CPU
		{FBD77B80-7D7D-4AE1-986B-098B3BF1397E}.Debug|Any CPU.Build.0 = Debug|Any CPU
		{FBD77B80-7D7D-4AE1-986B-098B3BF1397E}.Release|Any CPU.ActiveCfg = Release|Any CPU
		{FBD77B80-7D7D-4AE1-986B-098B3BF1397E}.Release|Any CPU.Build.0 = Release|Any CPU
		{8A697B64-C7BB-4D0C-86FE-B7AD72AAD4F9}.Debug|Any CPU.ActiveCfg = Debug|Any CPU
		{8A697B64-C7BB-4D0C-86FE-B7AD72AAD4F9}.Debug|Any CPU.Build.0 = Debug|Any CPU
		{8A697B64-C7BB-4D0C-86FE-B7AD72AAD4F9}.Release|Any CPU.ActiveCfg = Debug|Any CPU
		{8A697B64-C7BB-4D0C-86FE-B7AD72AAD4F9}.Release|Any CPU.Build.0 = Debug|Any CPU
	EndGlobalSection
	GlobalSection(NestedProjects) = preSolution
		{4C2418DD-474D-4A09-92BD-C62162C55DA4} = {AF9615CC-04F2-4FDB-89A1-6F6E4C336E83}
		{FBD77B80-7D7D-4AE1-986B-098B3BF1397E} = {8308491F-1410-4785-A991-64D115A150F4}
	EndGlobalSection
EndGlobal
